
Microsoft Visual Studio Solution File, Format Version 12.00
# Blend for Visual Studio Version 17
VisualStudioVersion = 17.11.35222.181
MinimumVisualStudioVersion = 10.0.40219.1
Project("{FAE04EC0-301F-11D3-BF4B-00C04F79EFBC}") = "AllInOneGUI", "AllInOneGUI\AllInOneGUI.csproj", "{31855228-0964-4733-9E6B-86100CF24C67}"
EndProject
Global
	GlobalSection(SolutionConfigurationPlatforms) = preSolution
		Debug|Any CPU = Debug|Any CPU
		Release|Any CPU = Release|Any CPU
	EndGlobalSection
	GlobalSection(ProjectConfigurationPlatforms) = postSolution
		{31855228-0964-4733-9E6B-86100CF24C67}.Debug|Any CPU.ActiveCfg = Debug|Any CPU
		{31855228-0964-4733-9E6B-86100CF24C67}.Debug|Any CPU.Build.0 = Debug|Any CPU
		{31855228-0964-4733-9E6B-86100CF24C67}.Release|Any CPU.ActiveCfg = Release|Any CPU
		{31855228-0964-4733-9E6B-86100CF24C67}.Release|Any CPU.Build.0 = Release|Any CPU
	EndGlobalSection
	GlobalSection(SolutionProperties) = preSolution
		HideSolutionNode = FALSE
	EndGlobalSection
	GlobalSection(ExtensibilityGlobals) = postSolution
		SolutionGuid = {302579FC-4EC1-48F1-A125-21D47E74E6A4}
	EndGlobalSection
EndGlobal
